
Microsoft Visual Studio Solution File, Format Version 12.00
# Visual Studio Version 17
VisualStudioVersion = 17.4.33205.214
MinimumVisualStudioVersion = 10.0.40219.1
Project("{FAE04EC0-301F-11D3-BF4B-00C04F79EFBC}") = "CalorieCounting.Tests", "CalorieCounting.Tests\CalorieCounting.Tests.csproj", "{93CF6794-9D9E-4F94-8968-DFE85411D608}"
EndProject
Global
	GlobalSection(SolutionConfigurationPlatforms) = preSolution
		Debug|Any CPU = Debug|Any CPU
		Release|Any CPU = Release|Any CPU
	EndGlobalSection
	GlobalSection(ProjectConfigurationPlatforms) = postSolution
		{93CF6794-9D9E-4F94-8968-DFE85411D608}.Debug|Any CPU.ActiveCfg = Debug|Any CPU
		{93CF6794-9D9E-4F94-8968-DFE85411D608}.Debug|Any CPU.Build.0 = Debug|Any CPU
		{93CF6794-9D9E-4F94-8968-DFE85411D608}.Release|Any CPU.ActiveCfg = Release|Any CPU
		{93CF6794-9D9E-4F94-8968-DFE85411D608}.Release|Any CPU.Build.0 = Release|Any CPU
	EndGlobalSection
	GlobalSection(SolutionProperties) = preSolution
		HideSolutionNode = FALSE
	EndGlobalSection
	GlobalSection(ExtensibilityGlobals) = postSolution
		SolutionGuid = {258BA21C-F702-483B-9C2B-FF93F9955843}
	EndGlobalSection
EndGlobal
